
Microsoft Visual Studio Solution File, Format Version 12.00
# Visual Studio Version 16
VisualStudioVersion = 16.0.29215.179
MinimumVisualStudioVersion = 10.0.40219.1
Project("{FAE04EC0-301F-11D3-BF4B-00C04F79EFBC}") = "Authentication.Android", "Authentication\Authentication.Android\Authentication.Android.csproj", "{5084ABD4-64B7-47D9-8DCA-49D67AFBA10F}"
EndProject
Project("{FAE04EC0-301F-11D3-BF4B-00C04F79EFBC}") = "Authentication", "Authentication\Authentication\Authentication.csproj", "{7A2FD734-2935-461F-B313-F89EBA2DDC40}"
EndProject
Global
	GlobalSection(SolutionConfigurationPlatforms) = preSolution
		Debug|Any CPU = Debug|Any CPU
		Release|Any CPU = Release|Any CPU
	EndGlobalSection
	GlobalSection(ProjectConfigurationPlatforms) = postSolution
		{5084ABD4-64B7-47D9-8DCA-49D67AFBA10F}.Debug|Any CPU.ActiveCfg = Debug|Any CPU
		{5084ABD4-64B7-47D9-8DCA-49D67AFBA10F}.Debug|Any CPU.Build.0 = Debug|Any CPU
		{5084ABD4-64B7-47D9-8DCA-49D67AFBA10F}.Debug|Any CPU.Deploy.0 = Debug|Any CPU
		{5084ABD4-64B7-47D9-8DCA-49D67AFBA10F}.Release|Any CPU.ActiveCfg = Release|Any CPU
		{5084ABD4-64B7-47D9-8DCA-49D67AFBA10F}.Release|Any CPU.Build.0 = Release|Any CPU
		{5084ABD4-64B7-47D9-8DCA-49D67AFBA10F}.Release|Any CPU.Deploy.0 = Release|Any CPU
		{7A2FD734-2935-461F-B313-F89EBA2DDC40}.Debug|Any CPU.ActiveCfg = Debug|Any CPU
		{7A2FD734-2935-461F-B313-F89EBA2DDC40}.Debug|Any CPU.Build.0 = Debug|Any CPU
		{7A2FD734-2935-461F-B313-F89EBA2DDC40}.Debug|Any CPU.Deploy.0 = Debug|Any CPU
		{7A2FD734-2935-461F-B313-F89EBA2DDC40}.Release|Any CPU.ActiveCfg = Release|Any CPU
		{7A2FD734-2935-461F-B313-F89EBA2DDC40}.Release|Any CPU.Build.0 = Release|Any CPU
		{7A2FD734-2935-461F-B313-F89EBA2DDC40}.Release|Any CPU.Deploy.0 = Release|Any CPU
	EndGlobalSection
	GlobalSection(SolutionProperties) = preSolution
		HideSolutionNode = FALSE
	EndGlobalSection
	GlobalSection(ExtensibilityGlobals) = postSolution
		SolutionGuid = {1D2D8B28-04C3-49C3-A896-C76CA7B3F4BD}
	EndGlobalSection
EndGlobal
