
Microsoft Visual Studio Solution File, Format Version 12.00
# Visual Studio Version 16
VisualStudioVersion = 16.0.29215.179
MinimumVisualStudioVersion = 10.0.40219.1
Project("{FAE04EC0-301F-11D3-BF4B-00C04F79EFBC}") = "check_box.UWP", "check_box\check_box.UWP\check_box.UWP.csproj", "{F3F0233E-9927-47FB-AE38-D191FC698C4F}"
EndProject
Project("{FAE04EC0-301F-11D3-BF4B-00C04F79EFBC}") = "check_box.Android", "check_box\check_box.Android\check_box.Android.csproj", "{57D48DCD-9F42-4900-8161-E495EC95AC7D}"
EndProject
Project("{FAE04EC0-301F-11D3-BF4B-00C04F79EFBC}") = "check_box.iOS", "check_box\check_box.iOS\check_box.iOS.csproj", "{0D387B60-030E-43DA-A2A5-E14BEAAAF090}"
EndProject
Project("{FAE04EC0-301F-11D3-BF4B-00C04F79EFBC}") = "check_box", "check_box\check_box\check_box.csproj", "{13B28DE6-AC8F-4C69-8F7C-75C127681D3C}"
EndProject
Global
	GlobalSection(SolutionConfigurationPlatforms) = preSolution
		Debug|Any CPU = Debug|Any CPU
		Debug|ARM = Debug|ARM
		Debug|iPhone = Debug|iPhone
		Debug|iPhoneSimulator = Debug|iPhoneSimulator
		Debug|x64 = Debug|x64
		Debug|x86 = Debug|x86
		Release|Any CPU = Release|Any CPU
		Release|ARM = Release|ARM
		Release|iPhone = Release|iPhone
		Release|iPhoneSimulator = Release|iPhoneSimulator
		Release|x64 = Release|x64
		Release|x86 = Release|x86
	EndGlobalSection
	GlobalSection(ProjectConfigurationPlatforms) = postSolution
		{F3F0233E-9927-47FB-AE38-D191FC698C4F}.Debug|Any CPU.ActiveCfg = Debug|x86
		{F3F0233E-9927-47FB-AE38-D191FC698C4F}.Debug|Any CPU.Build.0 = Debug|x86
		{F3F0233E-9927-47FB-AE38-D191FC698C4F}.Debug|Any CPU.Deploy.0 = Debug|x86
		{F3F0233E-9927-47FB-AE38-D191FC698C4F}.Debug|ARM.ActiveCfg = Debug|ARM
		{F3F0233E-9927-47FB-AE38-D191FC698C4F}.Debug|ARM.Build.0 = Debug|ARM
		{F3F0233E-9927-47FB-AE38-D191FC698C4F}.Debug|ARM.Deploy.0 = Debug|ARM
		{F3F0233E-9927-47FB-AE38-D191FC698C4F}.Debug|iPhone.ActiveCfg = Debug|x86
		{F3F0233E-9927-47FB-AE38-D191FC698C4F}.Debug|iPhone.Build.0 = Debug|x86
		{F3F0233E-9927-47FB-AE38-D191FC698C4F}.Debug|iPhone.Deploy.0 = Debug|x86
		{F3F0233E-9927-47FB-AE38-D191FC698C4F}.Debug|iPhoneSimulator.ActiveCfg = Debug|x86
		{F3F0233E-9927-47FB-AE38-D191FC698C4F}.Debug|iPhoneSimulator.Build.0 = Debug|x86
		{F3F0233E-9927-47FB-AE38-D191FC698C4F}.Debug|iPhoneSimulator.Deploy.0 = Debug|x86
		{F3F0233E-9927-47FB-AE38-D191FC698C4F}.Debug|x64.ActiveCfg = Debug|x64
		{F3F0233E-9927-47FB-AE38-D191FC698C4F}.Debug|x64.Build.0 = Debug|x64
		{F3F0233E-9927-47FB-AE38-D191FC698C4F}.Debug|x64.Deploy.0 = Debug|x64
		{F3F0233E-9927-47FB-AE38-D191FC698C4F}.Debug|x86.ActiveCfg = Debug|x86
		{F3F0233E-9927-47FB-AE38-D191FC698C4F}.Debug|x86.Build.0 = Debug|x86
		{F3F0233E-9927-47FB-AE38-D191FC698C4F}.Debug|x86.Deploy.0 = Debug|x86
		{F3F0233E-9927-47FB-AE38-D191FC698C4F}.Release|Any CPU.ActiveCfg = Release|x86
		{F3F0233E-9927-47FB-AE38-D191FC698C4F}.Release|Any CPU.Build.0 = Release|x86
		{F3F0233E-9927-47FB-AE38-D191FC698C4F}.Release|Any CPU.Deploy.0 = Release|x86
		{F3F0233E-9927-47FB-AE38-D191FC698C4F}.Release|ARM.ActiveCfg = Release|ARM
		{F3F0233E-9927-47FB-AE38-D191FC698C4F}.Release|ARM.Build.0 = Release|ARM
		{F3F0233E-9927-47FB-AE38-D191FC698C4F}.Release|ARM.Deploy.0 = Release|ARM
		{F3F0233E-9927-47FB-AE38-D191FC698C4F}.Release|iPhone.ActiveCfg = Release|x86
		{F3F0233E-9927-47FB-AE38-D191FC698C4F}.Release|iPhone.Build.0 = Release|x86
		{F3F0233E-9927-47FB-AE38-D191FC698C4F}.Release|iPhone.Deploy.0 = Release|x86
		{F3F0233E-9927-47FB-AE38-D191FC698C4F}.Release|iPhoneSimulator.ActiveCfg = Release|x86
		{F3F0233E-9927-47FB-AE38-D191FC698C4F}.Release|iPhoneSimulator.Build.0 = Release|x86
		{F3F0233E-9927-47FB-AE38-D191FC698C4F}.Release|iPhoneSimulator.Deploy.0 = Release|x86
		{F3F0233E-9927-47FB-AE38-D191FC698C4F}.Release|x64.ActiveCfg = Release|x64
		{F3F0233E-9927-47FB-AE38-D191FC698C4F}.Release|x64.Build.0 = Release|x64
		{F3F0233E-9927-47FB-AE38-D191FC698C4F}.Release|x64.Deploy.0 = Release|x64
		{F3F0233E-9927-47FB-AE38-D191FC698C4F}.Release|x86.ActiveCfg = Release|x86
		{F3F0233E-9927-47FB-AE38-D191FC698C4F}.Release|x86.Build.0 = Release|x86
		{F3F0233E-9927-47FB-AE38-D191FC698C4F}.Release|x86.Deploy.0 = Release|x86
		{57D48DCD-9F42-4900-8161-E495EC95AC7D}.Debug|Any CPU.ActiveCfg = Debug|Any CPU
		{57D48DCD-9F42-4900-8161-E495EC95AC7D}.Debug|Any CPU.Build.0 = Debug|Any CPU
		{57D48DCD-9F42-4900-8161-E495EC95AC7D}.Debug|Any CPU.Deploy.0 = Debug|Any CPU
		{57D48DCD-9F42-4900-8161-E495EC95AC7D}.Debug|ARM.ActiveCfg = Debug|Any CPU
		{57D48DCD-9F42-4900-8161-E495EC95AC7D}.Debug|ARM.Build.0 = Debug|Any CPU
		{57D48DCD-9F42-4900-8161-E495EC95AC7D}.Debug|ARM.Deploy.0 = Debug|Any CPU
		{57D48DCD-9F42-4900-8161-E495EC95AC7D}.Debug|iPhone.ActiveCfg = Debug|Any CPU
		{57D48DCD-9F42-4900-8161-E495EC95AC7D}.Debug|iPhone.Build.0 = Debug|Any CPU
		{57D48DCD-9F42-4900-8161-E495EC95AC7D}.Debug|iPhone.Deploy.0 = Debug|Any CPU
		{57D48DCD-9F42-4900-8161-E495EC95AC7D}.Debug|iPhoneSimulator.ActiveCfg = Debug|Any CPU
		{57D48DCD-9F42-4900-8161-E495EC95AC7D}.Debug|iPhoneSimulator.Build.0 = Debug|Any CPU
		{57D48DCD-9F42-4900-8161-E495EC95AC7D}.Debug|iPhoneSimulator.Deploy.0 = Debug|Any CPU
		{57D48DCD-9F42-4900-8161-E495EC95AC7D}.Debug|x64.ActiveCfg = Debug|Any CPU
		{57D48DCD-9F42-4900-8161-E495EC95AC7D}.Debug|x64.Build.0 = Debug|Any CPU
		{57D48DCD-9F42-4900-8161-E495EC95AC7D}.Debug|x64.Deploy.0 = Debug|Any CPU
		{57D48DCD-9F42-4900-8161-E495EC95AC7D}.Debug|x86.ActiveCfg = Debug|Any CPU
		{57D48DCD-9F42-4900-8161-E495EC95AC7D}.Debug|x86.Build.0 = Debug|Any CPU
		{57D48DCD-9F42-4900-8161-E495EC95AC7D}.Debug|x86.Deploy.0 = Debug|Any CPU
		{57D48DCD-9F42-4900-8161-E495EC95AC7D}.Release|Any CPU.ActiveCfg = Release|Any CPU
		{57D48DCD-9F42-4900-8161-E495EC95AC7D}.Release|Any CPU.Build.0 = Release|Any CPU
		{57D48DCD-9F42-4900-8161-E495EC95AC7D}.Release|Any CPU.Deploy.0 = Release|Any CPU
		{57D48DCD-9F42-4900-8161-E495EC95AC7D}.Release|ARM.ActiveCfg = Release|Any CPU
		{57D48DCD-9F42-4900-8161-E495EC95AC7D}.Release|ARM.Build.0 = Release|Any CPU
		{57D48DCD-9F42-4900-8161-E495EC95AC7D}.Release|ARM.Deploy.0 = Release|Any CPU
		{57D48DCD-9F42-4900-8161-E495EC95AC7D}.Release|iPhone.ActiveCfg = Release|Any CPU
		{57D48DCD-9F42-4900-8161-E495EC95AC7D}.Release|iPhone.Build.0 = Release|Any CPU
		{57D48DCD-9F42-4900-8161-E495EC95AC7D}.Release|iPhone.Deploy.0 = Release|Any CPU
		{57D48DCD-9F42-4900-8161-E495EC95AC7D}.Release|iPhoneSimulator.ActiveCfg = Release|Any CPU
		{57D48DCD-9F42-4900-8161-E495EC95AC7D}.Release|iPhoneSimulator.Build.0 = Release|Any CPU
		{57D48DCD-9F42-4900-8161-E495EC95AC7D}.Release|iPhoneSimulator.Deploy.0 = Release|Any CPU
		{57D48DCD-9F42-4900-8161-E495EC95AC7D}.Release|x64.ActiveCfg = Release|Any CPU
		{57D48DCD-9F42-4900-8161-E495EC95AC7D}.Release|x64.Build.0 = Release|Any CPU
		{57D48DCD-9F42-4900-8161-E495EC95AC7D}.Release|x64.Deploy.0 = Release|Any CPU
		{57D48DCD-9F42-4900-8161-E495EC95AC7D}.Release|x86.ActiveCfg = Release|Any CPU
		{57D48DCD-9F42-4900-8161-E495EC95AC7D}.Release|x86.Build.0 = Release|Any CPU
		{57D48DCD-9F42-4900-8161-E495EC95AC7D}.Release|x86.Deploy.0 = Release|Any CPU
		{0D387B60-030E-43DA-A2A5-E14BEAAAF090}.Debug|Any CPU.ActiveCfg = Debug|iPhone
		{0D387B60-030E-43DA-A2A5-E14BEAAAF090}.Debug|Any CPU.Build.0 = Debug|iPhone
		{0D387B60-030E-43DA-A2A5-E14BEAAAF090}.Debug|Any CPU.Deploy.0 = Debug|iPhone
		{0D387B60-030E-43DA-A2A5-E14BEAAAF090}.Debug|ARM.ActiveCfg = Debug|iPhoneSimulator
		{0D387B60-030E-43DA-A2A5-E14BEAAAF090}.Debug|ARM.Build.0 = Debug|iPhoneSimulator
		{0D387B60-030E-43DA-A2A5-E14BEAAAF090}.Debug|ARM.Deploy.0 = Debug|iPhoneSimulator
		{0D387B60-030E-43DA-A2A5-E14BEAAAF090}.Debug|iPhone.ActiveCfg = Debug|iPhone
		{0D387B60-030E-43DA-A2A5-E14BEAAAF090}.Debug|iPhone.Build.0 = Debug|iPhone
		{0D387B60-030E-43DA-A2A5-E14BEAAAF090}.Debug|iPhone.Deploy.0 = Debug|iPhone
		{0D387B60-030E-43DA-A2A5-E14BEAAAF090}.Debug|iPhoneSimulator.ActiveCfg = Debug|iPhoneSimulator
		{0D387B60-030E-43DA-A2A5-E14BEAAAF090}.Debug|iPhoneSimulator.Build.0 = Debug|iPhoneSimulator
		{0D387B60-030E-43DA-A2A5-E14BEAAAF090}.Debug|iPhoneSimulator.Deploy.0 = Debug|iPhoneSimulator
		{0D387B60-030E-43DA-A2A5-E14BEAAAF090}.Debug|x64.ActiveCfg = Debug|iPhone
		{0D387B60-030E-43DA-A2A5-E14BEAAAF090}.Debug|x64.Build.0 = Debug|iPhone
		{0D387B60-030E-43DA-A2A5-E14BEAAAF090}.Debug|x64.Deploy.0 = Debug|iPhone
		{0D387B60-030E-43DA-A2A5-E14BEAAAF090}.Debug|x86.ActiveCfg = Debug|iPhone
		{0D387B60-030E-43DA-A2A5-E14BEAAAF090}.Debug|x86.Build.0 = Debug|iPhone
		{0D387B60-030E-43DA-A2A5-E14BEAAAF090}.Debug|x86.Deploy.0 = Debug|iPhone
		{0D387B60-030E-43DA-A2A5-E14BEAAAF090}.Release|Any CPU.ActiveCfg = Release|iPhone
		{0D387B60-030E-43DA-A2A5-E14BEAAAF090}.Release|Any CPU.Build.0 = Release|iPhone
		{0D387B60-030E-43DA-A2A5-E14BEAAAF090}.Release|Any CPU.Deploy.0 = Release|iPhone
		{0D387B60-030E-43DA-A2A5-E14BEAAAF090}.Release|ARM.ActiveCfg = Release|iPhone
		{0D387B60-030E-43DA-A2A5-E14BEAAAF090}.Release|ARM.Build.0 = Release|iPhone
		{0D387B60-030E-43DA-A2A5-E14BEAAAF090}.Release|ARM.Deploy.0 = Release|iPhone
		{0D387B60-030E-43DA-A2A5-E14BEAAAF090}.Release|iPhone.ActiveCfg = Release|iPhone
		{0D387B60-030E-43DA-A2A5-E14BEAAAF090}.Release|iPhone.Build.0 = Release|iPhone
		{0D387B60-030E-43DA-A2A5-E14BEAAAF090}.Release|iPhone.Deploy.0 = Release|iPhone
		{0D387B60-030E-43DA-A2A5-E14BEAAAF090}.Release|iPhoneSimulator.ActiveCfg = Release|iPhoneSimulator
		{0D387B60-030E-43DA-A2A5-E14BEAAAF090}.Release|iPhoneSimulator.Build.0 = Release|iPhoneSimulator
		{0D387B60-030E-43DA-A2A5-E14BEAAAF090}.Release|iPhoneSimulator.Deploy.0 = Release|iPhoneSimulator
		{0D387B60-030E-43DA-A2A5-E14BEAAAF090}.Release|x64.ActiveCfg = Release|iPhone
		{0D387B60-030E-43DA-A2A5-E14BEAAAF090}.Release|x64.Build.0 = Release|iPhone
		{0D387B60-030E-43DA-A2A5-E14BEAAAF090}.Release|x64.Deploy.0 = Release|iPhone
		{0D387B60-030E-43DA-A2A5-E14BEAAAF090}.Release|x86.ActiveCfg = Release|iPhone
		{0D387B60-030E-43DA-A2A5-E14BEAAAF090}.Release|x86.Build.0 = Release|iPhone
		{0D387B60-030E-43DA-A2A5-E14BEAAAF090}.Release|x86.Deploy.0 = Release|iPhone
		{13B28DE6-AC8F-4C69-8F7C-75C127681D3C}.Debug|Any CPU.ActiveCfg = Debug|Any CPU
		{13B28DE6-AC8F-4C69-8F7C-75C127681D3C}.Debug|Any CPU.Build.0 = Debug|Any CPU
		{13B28DE6-AC8F-4C69-8F7C-75C127681D3C}.Debug|Any CPU.Deploy.0 = Debug|Any CPU
		{13B28DE6-AC8F-4C69-8F7C-75C127681D3C}.Debug|ARM.ActiveCfg = Debug|Any CPU
		{13B28DE6-AC8F-4C69-8F7C-75C127681D3C}.Debug|ARM.Build.0 = Debug|Any CPU
		{13B28DE6-AC8F-4C69-8F7C-75C127681D3C}.Debug|ARM.Deploy.0 = Debug|Any CPU
		{13B28DE6-AC8F-4C69-8F7C-75C127681D3C}.Debug|iPhone.ActiveCfg = Debug|Any CPU
		{13B28DE6-AC8F-4C69-8F7C-75C127681D3C}.Debug|iPhone.Build.0 = Debug|Any CPU
		{13B28DE6-AC8F-4C69-8F7C-75C127681D3C}.Debug|iPhone.Deploy.0 = Debug|Any CPU
		{13B28DE6-AC8F-4C69-8F7C-75C127681D3C}.Debug|iPhoneSimulator.ActiveCfg = Debug|Any CPU
		{13B28DE6-AC8F-4C69-8F7C-75C127681D3C}.Debug|iPhoneSimulator.Build.0 = Debug|Any CPU
		{13B28DE6-AC8F-4C69-8F7C-75C127681D3C}.Debug|iPhoneSimulator.Deploy.0 = Debug|Any CPU
		{13B28DE6-AC8F-4C69-8F7C-75C127681D3C}.Debug|x64.ActiveCfg = Debug|Any CPU
		{13B28DE6-AC8F-4C69-8F7C-75C127681D3C}.Debug|x64.Build.0 = Debug|Any CPU
		{13B28DE6-AC8F-4C69-8F7C-75C127681D3C}.Debug|x64.Deploy.0 = Debug|Any CPU
		{13B28DE6-AC8F-4C69-8F7C-75C127681D3C}.Debug|x86.ActiveCfg = Debug|Any CPU
		{13B28DE6-AC8F-4C69-8F7C-75C127681D3C}.Debug|x86.Build.0 = Debug|Any CPU
		{13B28DE6-AC8F-4C69-8F7C-75C127681D3C}.Debug|x86.Deploy.0 = Debug|Any CPU
		{13B28DE6-AC8F-4C69-8F7C-75C127681D3C}.Release|Any CPU.ActiveCfg = Release|Any CPU
		{13B28DE6-AC8F-4C69-8F7C-75C127681D3C}.Release|Any CPU.Build.0 = Release|Any CPU
		{13B28DE6-AC8F-4C69-8F7C-75C127681D3C}.Release|Any CPU.Deploy.0 = Release|Any CPU
		{13B28DE6-AC8F-4C69-8F7C-75C127681D3C}.Release|ARM.ActiveCfg = Release|Any CPU
		{13B28DE6-AC8F-4C69-8F7C-75C127681D3C}.Release|ARM.Build.0 = Release|Any CPU
		{13B28DE6-AC8F-4C69-8F7C-75C127681D3C}.Release|ARM.Deploy.0 = Release|Any CPU
		{13B28DE6-AC8F-4C69-8F7C-75C127681D3C}.Release|iPhone.ActiveCfg = Release|Any CPU
		{13B28DE6-AC8F-4C69-8F7C-75C127681D3C}.Release|iPhone.Build.0 = Release|Any CPU
		{13B28DE6-AC8F-4C69-8F7C-75C127681D3C}.Release|iPhone.Deploy.0 = Release|Any CPU
		{13B28DE6-AC8F-4C69-8F7C-75C127681D3C}.Release|iPhoneSimulator.ActiveCfg = Release|Any CPU
		{13B28DE6-AC8F-4C69-8F7C-75C127681D3C}.Release|iPhoneSimulator.Build.0 = Release|Any CPU
		{13B28DE6-AC8F-4C69-8F7C-75C127681D3C}.Release|iPhoneSimulator.Deploy.0 = Release|Any CPU
		{13B28DE6-AC8F-4C69-8F7C-75C127681D3C}.Release|x64.ActiveCfg = Release|Any CPU
		{13B28DE6-AC8F-4C69-8F7C-75C127681D3C}.Release|x64.Build.0 = Release|Any CPU
		{13B28DE6-AC8F-4C69-8F7C-75C127681D3C}.Release|x64.Deploy.0 = Release|Any CPU
		{13B28DE6-AC8F-4C69-8F7C-75C127681D3C}.Release|x86.ActiveCfg = Release|Any CPU
		{13B28DE6-AC8F-4C69-8F7C-75C127681D3C}.Release|x86.Build.0 = Release|Any CPU
		{13B28DE6-AC8F-4C69-8F7C-75C127681D3C}.Release|x86.Deploy.0 = Release|Any CPU
	EndGlobalSection
	GlobalSection(SolutionProperties) = preSolution
		HideSolutionNode = FALSE
	EndGlobalSection
	GlobalSection(ExtensibilityGlobals) = postSolution
		SolutionGuid = {D15604E3-940D-44F3-8A40-99AED353A162}
	EndGlobalSection
EndGlobal
