
Microsoft Visual Studio Solution File, Format Version 12.00
# Visual Studio Version 16
VisualStudioVersion = 16.0.29215.179
MinimumVisualStudioVersion = 10.0.40219.1
Project("{FAE04EC0-301F-11D3-BF4B-00C04F79EFBC}") = "user_registation.UWP", "user_registation\user_registation.UWP\user_registation.UWP.csproj", "{4B8220A6-9421-4EE9-84DC-B555A2599223}"
EndProject
Project("{FAE04EC0-301F-11D3-BF4B-00C04F79EFBC}") = "user_registation.Android", "user_registation\user_registation.Android\user_registation.Android.csproj", "{F33F43A7-A5EE-453B-8C5B-C69429F882E5}"
EndProject
Project("{FAE04EC0-301F-11D3-BF4B-00C04F79EFBC}") = "user_registation.iOS", "user_registation\user_registation.iOS\user_registation.iOS.csproj", "{97B220D4-E9BD-48F1-A63E-6FB12E7EEA07}"
EndProject
Project("{FAE04EC0-301F-11D3-BF4B-00C04F79EFBC}") = "user_registation", "user_registation\user_registation\user_registation.csproj", "{74CFEECD-92A4-4D0C-A840-F087D3E51E68}"
EndProject
Global
	GlobalSection(SolutionConfigurationPlatforms) = preSolution
		Debug|Any CPU = Debug|Any CPU
		Debug|ARM = Debug|ARM
		Debug|iPhone = Debug|iPhone
		Debug|iPhoneSimulator = Debug|iPhoneSimulator
		Debug|x64 = Debug|x64
		Debug|x86 = Debug|x86
		Release|Any CPU = Release|Any CPU
		Release|ARM = Release|ARM
		Release|iPhone = Release|iPhone
		Release|iPhoneSimulator = Release|iPhoneSimulator
		Release|x64 = Release|x64
		Release|x86 = Release|x86
	EndGlobalSection
	GlobalSection(ProjectConfigurationPlatforms) = postSolution
		{4B8220A6-9421-4EE9-84DC-B555A2599223}.Debug|Any CPU.ActiveCfg = Debug|x86
		{4B8220A6-9421-4EE9-84DC-B555A2599223}.Debug|Any CPU.Build.0 = Debug|x86
		{4B8220A6-9421-4EE9-84DC-B555A2599223}.Debug|Any CPU.Deploy.0 = Debug|x86
		{4B8220A6-9421-4EE9-84DC-B555A2599223}.Debug|ARM.ActiveCfg = Debug|ARM
		{4B8220A6-9421-4EE9-84DC-B555A2599223}.Debug|ARM.Build.0 = Debug|ARM
		{4B8220A6-9421-4EE9-84DC-B555A2599223}.Debug|ARM.Deploy.0 = Debug|ARM
		{4B8220A6-9421-4EE9-84DC-B555A2599223}.Debug|iPhone.ActiveCfg = Debug|x86
		{4B8220A6-9421-4EE9-84DC-B555A2599223}.Debug|iPhone.Build.0 = Debug|x86
		{4B8220A6-9421-4EE9-84DC-B555A2599223}.Debug|iPhone.Deploy.0 = Debug|x86
		{4B8220A6-9421-4EE9-84DC-B555A2599223}.Debug|iPhoneSimulator.ActiveCfg = Debug|x86
		{4B8220A6-9421-4EE9-84DC-B555A2599223}.Debug|iPhoneSimulator.Build.0 = Debug|x86
		{4B8220A6-9421-4EE9-84DC-B555A2599223}.Debug|iPhoneSimulator.Deploy.0 = Debug|x86
		{4B8220A6-9421-4EE9-84DC-B555A2599223}.Debug|x64.ActiveCfg = Debug|x64
		{4B8220A6-9421-4EE9-84DC-B555A2599223}.Debug|x64.Build.0 = Debug|x64
		{4B8220A6-9421-4EE9-84DC-B555A2599223}.Debug|x64.Deploy.0 = Debug|x64
		{4B8220A6-9421-4EE9-84DC-B555A2599223}.Debug|x86.ActiveCfg = Debug|x86
		{4B8220A6-9421-4EE9-84DC-B555A2599223}.Debug|x86.Build.0 = Debug|x86
		{4B8220A6-9421-4EE9-84DC-B555A2599223}.Debug|x86.Deploy.0 = Debug|x86
		{4B8220A6-9421-4EE9-84DC-B555A2599223}.Release|Any CPU.ActiveCfg = Release|x86
		{4B8220A6-9421-4EE9-84DC-B555A2599223}.Release|Any CPU.Build.0 = Release|x86
		{4B8220A6-9421-4EE9-84DC-B555A2599223}.Release|Any CPU.Deploy.0 = Release|x86
		{4B8220A6-9421-4EE9-84DC-B555A2599223}.Release|ARM.ActiveCfg = Release|ARM
		{4B8220A6-9421-4EE9-84DC-B555A2599223}.Release|ARM.Build.0 = Release|ARM
		{4B8220A6-9421-4EE9-84DC-B555A2599223}.Release|ARM.Deploy.0 = Release|ARM
		{4B8220A6-9421-4EE9-84DC-B555A2599223}.Release|iPhone.ActiveCfg = Release|x86
		{4B8220A6-9421-4EE9-84DC-B555A2599223}.Release|iPhone.Build.0 = Release|x86
		{4B8220A6-9421-4EE9-84DC-B555A2599223}.Release|iPhone.Deploy.0 = Release|x86
		{4B8220A6-9421-4EE9-84DC-B555A2599223}.Release|iPhoneSimulator.ActiveCfg = Release|x86
		{4B8220A6-9421-4EE9-84DC-B555A2599223}.Release|iPhoneSimulator.Build.0 = Release|x86
		{4B8220A6-9421-4EE9-84DC-B555A2599223}.Release|iPhoneSimulator.Deploy.0 = Release|x86
		{4B8220A6-9421-4EE9-84DC-B555A2599223}.Release|x64.ActiveCfg = Release|x64
		{4B8220A6-9421-4EE9-84DC-B555A2599223}.Release|x64.Build.0 = Release|x64
		{4B8220A6-9421-4EE9-84DC-B555A2599223}.Release|x64.Deploy.0 = Release|x64
		{4B8220A6-9421-4EE9-84DC-B555A2599223}.Release|x86.ActiveCfg = Release|x86
		{4B8220A6-9421-4EE9-84DC-B555A2599223}.Release|x86.Build.0 = Release|x86
		{4B8220A6-9421-4EE9-84DC-B555A2599223}.Release|x86.Deploy.0 = Release|x86
		{F33F43A7-A5EE-453B-8C5B-C69429F882E5}.Debug|Any CPU.ActiveCfg = Debug|Any CPU
		{F33F43A7-A5EE-453B-8C5B-C69429F882E5}.Debug|Any CPU.Build.0 = Debug|Any CPU
		{F33F43A7-A5EE-453B-8C5B-C69429F882E5}.Debug|Any CPU.Deploy.0 = Debug|Any CPU
		{F33F43A7-A5EE-453B-8C5B-C69429F882E5}.Debug|ARM.ActiveCfg = Debug|Any CPU
		{F33F43A7-A5EE-453B-8C5B-C69429F882E5}.Debug|ARM.Build.0 = Debug|Any CPU
		{F33F43A7-A5EE-453B-8C5B-C69429F882E5}.Debug|ARM.Deploy.0 = Debug|Any CPU
		{F33F43A7-A5EE-453B-8C5B-C69429F882E5}.Debug|iPhone.ActiveCfg = Debug|Any CPU
		{F33F43A7-A5EE-453B-8C5B-C69429F882E5}.Debug|iPhone.Build.0 = Debug|Any CPU
		{F33F43A7-A5EE-453B-8C5B-C69429F882E5}.Debug|iPhone.Deploy.0 = Debug|Any CPU
		{F33F43A7-A5EE-453B-8C5B-C69429F882E5}.Debug|iPhoneSimulator.ActiveCfg = Debug|Any CPU
		{F33F43A7-A5EE-453B-8C5B-C69429F882E5}.Debug|iPhoneSimulator.Build.0 = Debug|Any CPU
		{F33F43A7-A5EE-453B-8C5B-C69429F882E5}.Debug|iPhoneSimulator.Deploy.0 = Debug|Any CPU
		{F33F43A7-A5EE-453B-8C5B-C69429F882E5}.Debug|x64.ActiveCfg = Debug|Any CPU
		{F33F43A7-A5EE-453B-8C5B-C69429F882E5}.Debug|x64.Build.0 = Debug|Any CPU
		{F33F43A7-A5EE-453B-8C5B-C69429F882E5}.Debug|x64.Deploy.0 = Debug|Any CPU
		{F33F43A7-A5EE-453B-8C5B-C69429F882E5}.Debug|x86.ActiveCfg = Debug|Any CPU
		{F33F43A7-A5EE-453B-8C5B-C69429F882E5}.Debug|x86.Build.0 = Debug|Any CPU
		{F33F43A7-A5EE-453B-8C5B-C69429F882E5}.Debug|x86.Deploy.0 = Debug|Any CPU
		{F33F43A7-A5EE-453B-8C5B-C69429F882E5}.Release|Any CPU.ActiveCfg = Release|Any CPU
		{F33F43A7-A5EE-453B-8C5B-C69429F882E5}.Release|Any CPU.Build.0 = Release|Any CPU
		{F33F43A7-A5EE-453B-8C5B-C69429F882E5}.Release|Any CPU.Deploy.0 = Release|Any CPU
		{F33F43A7-A5EE-453B-8C5B-C69429F882E5}.Release|ARM.ActiveCfg = Release|Any CPU
		{F33F43A7-A5EE-453B-8C5B-C69429F882E5}.Release|ARM.Build.0 = Release|Any CPU
		{F33F43A7-A5EE-453B-8C5B-C69429F882E5}.Release|ARM.Deploy.0 = Release|Any CPU
		{F33F43A7-A5EE-453B-8C5B-C69429F882E5}.Release|iPhone.ActiveCfg = Release|Any CPU
		{F33F43A7-A5EE-453B-8C5B-C69429F882E5}.Release|iPhone.Build.0 = Release|Any CPU
		{F33F43A7-A5EE-453B-8C5B-C69429F882E5}.Release|iPhone.Deploy.0 = Release|Any CPU
		{F33F43A7-A5EE-453B-8C5B-C69429F882E5}.Release|iPhoneSimulator.ActiveCfg = Release|Any CPU
		{F33F43A7-A5EE-453B-8C5B-C69429F882E5}.Release|iPhoneSimulator.Build.0 = Release|Any CPU
		{F33F43A7-A5EE-453B-8C5B-C69429F882E5}.Release|iPhoneSimulator.Deploy.0 = Release|Any CPU
		{F33F43A7-A5EE-453B-8C5B-C69429F882E5}.Release|x64.ActiveCfg = Release|Any CPU
		{F33F43A7-A5EE-453B-8C5B-C69429F882E5}.Release|x64.Build.0 = Release|Any CPU
		{F33F43A7-A5EE-453B-8C5B-C69429F882E5}.Release|x64.Deploy.0 = Release|Any CPU
		{F33F43A7-A5EE-453B-8C5B-C69429F882E5}.Release|x86.ActiveCfg = Release|Any CPU
		{F33F43A7-A5EE-453B-8C5B-C69429F882E5}.Release|x86.Build.0 = Release|Any CPU
		{F33F43A7-A5EE-453B-8C5B-C69429F882E5}.Release|x86.Deploy.0 = Release|Any CPU
		{97B220D4-E9BD-48F1-A63E-6FB12E7EEA07}.Debug|Any CPU.ActiveCfg = Debug|iPhone
		{97B220D4-E9BD-48F1-A63E-6FB12E7EEA07}.Debug|Any CPU.Build.0 = Debug|iPhone
		{97B220D4-E9BD-48F1-A63E-6FB12E7EEA07}.Debug|Any CPU.Deploy.0 = Debug|iPhone
		{97B220D4-E9BD-48F1-A63E-6FB12E7EEA07}.Debug|ARM.ActiveCfg = Debug|iPhoneSimulator
		{97B220D4-E9BD-48F1-A63E-6FB12E7EEA07}.Debug|ARM.Build.0 = Debug|iPhoneSimulator
		{97B220D4-E9BD-48F1-A63E-6FB12E7EEA07}.Debug|ARM.Deploy.0 = Debug|iPhoneSimulator
		{97B220D4-E9BD-48F1-A63E-6FB12E7EEA07}.Debug|iPhone.ActiveCfg = Debug|iPhone
		{97B220D4-E9BD-48F1-A63E-6FB12E7EEA07}.Debug|iPhone.Build.0 = Debug|iPhone
		{97B220D4-E9BD-48F1-A63E-6FB12E7EEA07}.Debug|iPhone.Deploy.0 = Debug|iPhone
		{97B220D4-E9BD-48F1-A63E-6FB12E7EEA07}.Debug|iPhoneSimulator.ActiveCfg = Debug|iPhoneSimulator
		{97B220D4-E9BD-48F1-A63E-6FB12E7EEA07}.Debug|iPhoneSimulator.Build.0 = Debug|iPhoneSimulator
		{97B220D4-E9BD-48F1-A63E-6FB12E7EEA07}.Debug|iPhoneSimulator.Deploy.0 = Debug|iPhoneSimulator
		{97B220D4-E9BD-48F1-A63E-6FB12E7EEA07}.Debug|x64.ActiveCfg = Debug|iPhone
		{97B220D4-E9BD-48F1-A63E-6FB12E7EEA07}.Debug|x64.Build.0 = Debug|iPhone
		{97B220D4-E9BD-48F1-A63E-6FB12E7EEA07}.Debug|x64.Deploy.0 = Debug|iPhone
		{97B220D4-E9BD-48F1-A63E-6FB12E7EEA07}.Debug|x86.ActiveCfg = Debug|iPhone
		{97B220D4-E9BD-48F1-A63E-6FB12E7EEA07}.Debug|x86.Build.0 = Debug|iPhone
		{97B220D4-E9BD-48F1-A63E-6FB12E7EEA07}.Debug|x86.Deploy.0 = Debug|iPhone
		{97B220D4-E9BD-48F1-A63E-6FB12E7EEA07}.Release|Any CPU.ActiveCfg = Release|iPhone
		{97B220D4-E9BD-48F1-A63E-6FB12E7EEA07}.Release|Any CPU.Build.0 = Release|iPhone
		{97B220D4-E9BD-48F1-A63E-6FB12E7EEA07}.Release|Any CPU.Deploy.0 = Release|iPhone
		{97B220D4-E9BD-48F1-A63E-6FB12E7EEA07}.Release|ARM.ActiveCfg = Release|iPhone
		{97B220D4-E9BD-48F1-A63E-6FB12E7EEA07}.Release|ARM.Build.0 = Release|iPhone
		{97B220D4-E9BD-48F1-A63E-6FB12E7EEA07}.Release|ARM.Deploy.0 = Release|iPhone
		{97B220D4-E9BD-48F1-A63E-6FB12E7EEA07}.Release|iPhone.ActiveCfg = Release|iPhone
		{97B220D4-E9BD-48F1-A63E-6FB12E7EEA07}.Release|iPhone.Build.0 = Release|iPhone
		{97B220D4-E9BD-48F1-A63E-6FB12E7EEA07}.Release|iPhone.Deploy.0 = Release|iPhone
		{97B220D4-E9BD-48F1-A63E-6FB12E7EEA07}.Release|iPhoneSimulator.ActiveCfg = Release|iPhoneSimulator
		{97B220D4-E9BD-48F1-A63E-6FB12E7EEA07}.Release|iPhoneSimulator.Build.0 = Release|iPhoneSimulator
		{97B220D4-E9BD-48F1-A63E-6FB12E7EEA07}.Release|iPhoneSimulator.Deploy.0 = Release|iPhoneSimulator
		{97B220D4-E9BD-48F1-A63E-6FB12E7EEA07}.Release|x64.ActiveCfg = Release|iPhone
		{97B220D4-E9BD-48F1-A63E-6FB12E7EEA07}.Release|x64.Build.0 = Release|iPhone
		{97B220D4-E9BD-48F1-A63E-6FB12E7EEA07}.Release|x64.Deploy.0 = Release|iPhone
		{97B220D4-E9BD-48F1-A63E-6FB12E7EEA07}.Release|x86.ActiveCfg = Release|iPhone
		{97B220D4-E9BD-48F1-A63E-6FB12E7EEA07}.Release|x86.Build.0 = Release|iPhone
		{97B220D4-E9BD-48F1-A63E-6FB12E7EEA07}.Release|x86.Deploy.0 = Release|iPhone
		{74CFEECD-92A4-4D0C-A840-F087D3E51E68}.Debug|Any CPU.ActiveCfg = Debug|Any CPU
		{74CFEECD-92A4-4D0C-A840-F087D3E51E68}.Debug|Any CPU.Build.0 = Debug|Any CPU
		{74CFEECD-92A4-4D0C-A840-F087D3E51E68}.Debug|Any CPU.Deploy.0 = Debug|Any CPU
		{74CFEECD-92A4-4D0C-A840-F087D3E51E68}.Debug|ARM.ActiveCfg = Debug|Any CPU
		{74CFEECD-92A4-4D0C-A840-F087D3E51E68}.Debug|ARM.Build.0 = Debug|Any CPU
		{74CFEECD-92A4-4D0C-A840-F087D3E51E68}.Debug|ARM.Deploy.0 = Debug|Any CPU
		{74CFEECD-92A4-4D0C-A840-F087D3E51E68}.Debug|iPhone.ActiveCfg = Debug|Any CPU
		{74CFEECD-92A4-4D0C-A840-F087D3E51E68}.Debug|iPhone.Build.0 = Debug|Any CPU
		{74CFEECD-92A4-4D0C-A840-F087D3E51E68}.Debug|iPhone.Deploy.0 = Debug|Any CPU
		{74CFEECD-92A4-4D0C-A840-F087D3E51E68}.Debug|iPhoneSimulator.ActiveCfg = Debug|Any CPU
		{74CFEECD-92A4-4D0C-A840-F087D3E51E68}.Debug|iPhoneSimulator.Build.0 = Debug|Any CPU
		{74CFEECD-92A4-4D0C-A840-F087D3E51E68}.Debug|iPhoneSimulator.Deploy.0 = Debug|Any CPU
		{74CFEECD-92A4-4D0C-A840-F087D3E51E68}.Debug|x64.ActiveCfg = Debug|Any CPU
		{74CFEECD-92A4-4D0C-A840-F087D3E51E68}.Debug|x64.Build.0 = Debug|Any CPU
		{74CFEECD-92A4-4D0C-A840-F087D3E51E68}.Debug|x64.Deploy.0 = Debug|Any CPU
		{74CFEECD-92A4-4D0C-A840-F087D3E51E68}.Debug|x86.ActiveCfg = Debug|Any CPU
		{74CFEECD-92A4-4D0C-A840-F087D3E51E68}.Debug|x86.Build.0 = Debug|Any CPU
		{74CFEECD-92A4-4D0C-A840-F087D3E51E68}.Debug|x86.Deploy.0 = Debug|Any CPU
		{74CFEECD-92A4-4D0C-A840-F087D3E51E68}.Release|Any CPU.ActiveCfg = Release|Any CPU
		{74CFEECD-92A4-4D0C-A840-F087D3E51E68}.Release|Any CPU.Build.0 = Release|Any CPU
		{74CFEECD-92A4-4D0C-A840-F087D3E51E68}.Release|Any CPU.Deploy.0 = Release|Any CPU
		{74CFEECD-92A4-4D0C-A840-F087D3E51E68}.Release|ARM.ActiveCfg = Release|Any CPU
		{74CFEECD-92A4-4D0C-A840-F087D3E51E68}.Release|ARM.Build.0 = Release|Any CPU
		{74CFEECD-92A4-4D0C-A840-F087D3E51E68}.Release|ARM.Deploy.0 = Release|Any CPU
		{74CFEECD-92A4-4D0C-A840-F087D3E51E68}.Release|iPhone.ActiveCfg = Release|Any CPU
		{74CFEECD-92A4-4D0C-A840-F087D3E51E68}.Release|iPhone.Build.0 = Release|Any CPU
		{74CFEECD-92A4-4D0C-A840-F087D3E51E68}.Release|iPhone.Deploy.0 = Release|Any CPU
		{74CFEECD-92A4-4D0C-A840-F087D3E51E68}.Release|iPhoneSimulator.ActiveCfg = Release|Any CPU
		{74CFEECD-92A4-4D0C-A840-F087D3E51E68}.Release|iPhoneSimulator.Build.0 = Release|Any CPU
		{74CFEECD-92A4-4D0C-A840-F087D3E51E68}.Release|iPhoneSimulator.Deploy.0 = Release|Any CPU
		{74CFEECD-92A4-4D0C-A840-F087D3E51E68}.Release|x64.ActiveCfg = Release|Any CPU
		{74CFEECD-92A4-4D0C-A840-F087D3E51E68}.Release|x64.Build.0 = Release|Any CPU
		{74CFEECD-92A4-4D0C-A840-F087D3E51E68}.Release|x64.Deploy.0 = Release|Any CPU
		{74CFEECD-92A4-4D0C-A840-F087D3E51E68}.Release|x86.ActiveCfg = Release|Any CPU
		{74CFEECD-92A4-4D0C-A840-F087D3E51E68}.Release|x86.Build.0 = Release|Any CPU
		{74CFEECD-92A4-4D0C-A840-F087D3E51E68}.Release|x86.Deploy.0 = Release|Any CPU
	EndGlobalSection
	GlobalSection(SolutionProperties) = preSolution
		HideSolutionNode = FALSE
	EndGlobalSection
	GlobalSection(ExtensibilityGlobals) = postSolution
		SolutionGuid = {8B639A08-20DE-4F20-BD95-67745B4C5708}
	EndGlobalSection
EndGlobal
