
Microsoft Visual Studio Solution File, Format Version 12.00
# Visual Studio Version 16
VisualStudioVersion = 16.0.29215.179
MinimumVisualStudioVersion = 10.0.40219.1
Project("{FAE04EC0-301F-11D3-BF4B-00C04F79EFBC}") = "youtube_player.Android", "youtube_player\youtube_player.Android\youtube_player.Android.csproj", "{B519A8D8-6510-46C0-A87D-5D1B6D484183}"
EndProject
Project("{FAE04EC0-301F-11D3-BF4B-00C04F79EFBC}") = "youtube_player", "youtube_player\youtube_player\youtube_player.csproj", "{4FF9A1C3-90F9-4FA1-8259-26C58C988647}"
EndProject
Global
	GlobalSection(SolutionConfigurationPlatforms) = preSolution
		Debug|Any CPU = Debug|Any CPU
		Debug|ARM = Debug|ARM
		Debug|iPhone = Debug|iPhone
		Debug|iPhoneSimulator = Debug|iPhoneSimulator
		Debug|x64 = Debug|x64
		Debug|x86 = Debug|x86
		Release|Any CPU = Release|Any CPU
		Release|ARM = Release|ARM
		Release|iPhone = Release|iPhone
		Release|iPhoneSimulator = Release|iPhoneSimulator
		Release|x64 = Release|x64
		Release|x86 = Release|x86
	EndGlobalSection
	GlobalSection(ProjectConfigurationPlatforms) = postSolution
		{B519A8D8-6510-46C0-A87D-5D1B6D484183}.Debug|Any CPU.ActiveCfg = Debug|Any CPU
		{B519A8D8-6510-46C0-A87D-5D1B6D484183}.Debug|Any CPU.Build.0 = Debug|Any CPU
		{B519A8D8-6510-46C0-A87D-5D1B6D484183}.Debug|Any CPU.Deploy.0 = Debug|Any CPU
		{B519A8D8-6510-46C0-A87D-5D1B6D484183}.Debug|ARM.ActiveCfg = Debug|Any CPU
		{B519A8D8-6510-46C0-A87D-5D1B6D484183}.Debug|ARM.Build.0 = Debug|Any CPU
		{B519A8D8-6510-46C0-A87D-5D1B6D484183}.Debug|ARM.Deploy.0 = Debug|Any CPU
		{B519A8D8-6510-46C0-A87D-5D1B6D484183}.Debug|iPhone.ActiveCfg = Debug|Any CPU
		{B519A8D8-6510-46C0-A87D-5D1B6D484183}.Debug|iPhone.Build.0 = Debug|Any CPU
		{B519A8D8-6510-46C0-A87D-5D1B6D484183}.Debug|iPhone.Deploy.0 = Debug|Any CPU
		{B519A8D8-6510-46C0-A87D-5D1B6D484183}.Debug|iPhoneSimulator.ActiveCfg = Debug|Any CPU
		{B519A8D8-6510-46C0-A87D-5D1B6D484183}.Debug|iPhoneSimulator.Build.0 = Debug|Any CPU
		{B519A8D8-6510-46C0-A87D-5D1B6D484183}.Debug|iPhoneSimulator.Deploy.0 = Debug|Any CPU
		{B519A8D8-6510-46C0-A87D-5D1B6D484183}.Debug|x64.ActiveCfg = Debug|Any CPU
		{B519A8D8-6510-46C0-A87D-5D1B6D484183}.Debug|x64.Build.0 = Debug|Any CPU
		{B519A8D8-6510-46C0-A87D-5D1B6D484183}.Debug|x64.Deploy.0 = Debug|Any CPU
		{B519A8D8-6510-46C0-A87D-5D1B6D484183}.Debug|x86.ActiveCfg = Debug|Any CPU
		{B519A8D8-6510-46C0-A87D-5D1B6D484183}.Debug|x86.Build.0 = Debug|Any CPU
		{B519A8D8-6510-46C0-A87D-5D1B6D484183}.Debug|x86.Deploy.0 = Debug|Any CPU
		{B519A8D8-6510-46C0-A87D-5D1B6D484183}.Release|Any CPU.ActiveCfg = Release|Any CPU
		{B519A8D8-6510-46C0-A87D-5D1B6D484183}.Release|Any CPU.Build.0 = Release|Any CPU
		{B519A8D8-6510-46C0-A87D-5D1B6D484183}.Release|Any CPU.Deploy.0 = Release|Any CPU
		{B519A8D8-6510-46C0-A87D-5D1B6D484183}.Release|ARM.ActiveCfg = Release|Any CPU
		{B519A8D8-6510-46C0-A87D-5D1B6D484183}.Release|ARM.Build.0 = Release|Any CPU
		{B519A8D8-6510-46C0-A87D-5D1B6D484183}.Release|ARM.Deploy.0 = Release|Any CPU
		{B519A8D8-6510-46C0-A87D-5D1B6D484183}.Release|iPhone.ActiveCfg = Release|Any CPU
		{B519A8D8-6510-46C0-A87D-5D1B6D484183}.Release|iPhone.Build.0 = Release|Any CPU
		{B519A8D8-6510-46C0-A87D-5D1B6D484183}.Release|iPhone.Deploy.0 = Release|Any CPU
		{B519A8D8-6510-46C0-A87D-5D1B6D484183}.Release|iPhoneSimulator.ActiveCfg = Release|Any CPU
		{B519A8D8-6510-46C0-A87D-5D1B6D484183}.Release|iPhoneSimulator.Build.0 = Release|Any CPU
		{B519A8D8-6510-46C0-A87D-5D1B6D484183}.Release|iPhoneSimulator.Deploy.0 = Release|Any CPU
		{B519A8D8-6510-46C0-A87D-5D1B6D484183}.Release|x64.ActiveCfg = Release|Any CPU
		{B519A8D8-6510-46C0-A87D-5D1B6D484183}.Release|x64.Build.0 = Release|Any CPU
		{B519A8D8-6510-46C0-A87D-5D1B6D484183}.Release|x64.Deploy.0 = Release|Any CPU
		{B519A8D8-6510-46C0-A87D-5D1B6D484183}.Release|x86.ActiveCfg = Release|Any CPU
		{B519A8D8-6510-46C0-A87D-5D1B6D484183}.Release|x86.Build.0 = Release|Any CPU
		{B519A8D8-6510-46C0-A87D-5D1B6D484183}.Release|x86.Deploy.0 = Release|Any CPU
		{4FF9A1C3-90F9-4FA1-8259-26C58C988647}.Debug|Any CPU.ActiveCfg = Debug|Any CPU
		{4FF9A1C3-90F9-4FA1-8259-26C58C988647}.Debug|Any CPU.Build.0 = Debug|Any CPU
		{4FF9A1C3-90F9-4FA1-8259-26C58C988647}.Debug|Any CPU.Deploy.0 = Debug|Any CPU
		{4FF9A1C3-90F9-4FA1-8259-26C58C988647}.Debug|ARM.ActiveCfg = Debug|Any CPU
		{4FF9A1C3-90F9-4FA1-8259-26C58C988647}.Debug|ARM.Build.0 = Debug|Any CPU
		{4FF9A1C3-90F9-4FA1-8259-26C58C988647}.Debug|ARM.Deploy.0 = Debug|Any CPU
		{4FF9A1C3-90F9-4FA1-8259-26C58C988647}.Debug|iPhone.ActiveCfg = Debug|Any CPU
		{4FF9A1C3-90F9-4FA1-8259-26C58C988647}.Debug|iPhone.Build.0 = Debug|Any CPU
		{4FF9A1C3-90F9-4FA1-8259-26C58C988647}.Debug|iPhone.Deploy.0 = Debug|Any CPU
		{4FF9A1C3-90F9-4FA1-8259-26C58C988647}.Debug|iPhoneSimulator.ActiveCfg = Debug|Any CPU
		{4FF9A1C3-90F9-4FA1-8259-26C58C988647}.Debug|iPhoneSimulator.Build.0 = Debug|Any CPU
		{4FF9A1C3-90F9-4FA1-8259-26C58C988647}.Debug|iPhoneSimulator.Deploy.0 = Debug|Any CPU
		{4FF9A1C3-90F9-4FA1-8259-26C58C988647}.Debug|x64.ActiveCfg = Debug|Any CPU
		{4FF9A1C3-90F9-4FA1-8259-26C58C988647}.Debug|x64.Build.0 = Debug|Any CPU
		{4FF9A1C3-90F9-4FA1-8259-26C58C988647}.Debug|x64.Deploy.0 = Debug|Any CPU
		{4FF9A1C3-90F9-4FA1-8259-26C58C988647}.Debug|x86.ActiveCfg = Debug|Any CPU
		{4FF9A1C3-90F9-4FA1-8259-26C58C988647}.Debug|x86.Build.0 = Debug|Any CPU
		{4FF9A1C3-90F9-4FA1-8259-26C58C988647}.Debug|x86.Deploy.0 = Debug|Any CPU
		{4FF9A1C3-90F9-4FA1-8259-26C58C988647}.Release|Any CPU.ActiveCfg = Release|Any CPU
		{4FF9A1C3-90F9-4FA1-8259-26C58C988647}.Release|Any CPU.Build.0 = Release|Any CPU
		{4FF9A1C3-90F9-4FA1-8259-26C58C988647}.Release|Any CPU.Deploy.0 = Release|Any CPU
		{4FF9A1C3-90F9-4FA1-8259-26C58C988647}.Release|ARM.ActiveCfg = Release|Any CPU
		{4FF9A1C3-90F9-4FA1-8259-26C58C988647}.Release|ARM.Build.0 = Release|Any CPU
		{4FF9A1C3-90F9-4FA1-8259-26C58C988647}.Release|ARM.Deploy.0 = Release|Any CPU
		{4FF9A1C3-90F9-4FA1-8259-26C58C988647}.Release|iPhone.ActiveCfg = Release|Any CPU
		{4FF9A1C3-90F9-4FA1-8259-26C58C988647}.Release|iPhone.Build.0 = Release|Any CPU
		{4FF9A1C3-90F9-4FA1-8259-26C58C988647}.Release|iPhone.Deploy.0 = Release|Any CPU
		{4FF9A1C3-90F9-4FA1-8259-26C58C988647}.Release|iPhoneSimulator.ActiveCfg = Release|Any CPU
		{4FF9A1C3-90F9-4FA1-8259-26C58C988647}.Release|iPhoneSimulator.Build.0 = Release|Any CPU
		{4FF9A1C3-90F9-4FA1-8259-26C58C988647}.Release|iPhoneSimulator.Deploy.0 = Release|Any CPU
		{4FF9A1C3-90F9-4FA1-8259-26C58C988647}.Release|x64.ActiveCfg = Release|Any CPU
		{4FF9A1C3-90F9-4FA1-8259-26C58C988647}.Release|x64.Build.0 = Release|Any CPU
		{4FF9A1C3-90F9-4FA1-8259-26C58C988647}.Release|x64.Deploy.0 = Release|Any CPU
		{4FF9A1C3-90F9-4FA1-8259-26C58C988647}.Release|x86.ActiveCfg = Release|Any CPU
		{4FF9A1C3-90F9-4FA1-8259-26C58C988647}.Release|x86.Build.0 = Release|Any CPU
		{4FF9A1C3-90F9-4FA1-8259-26C58C988647}.Release|x86.Deploy.0 = Release|Any CPU
	EndGlobalSection
	GlobalSection(SolutionProperties) = preSolution
		HideSolutionNode = FALSE
	EndGlobalSection
	GlobalSection(ExtensibilityGlobals) = postSolution
		SolutionGuid = {77397177-1232-4F70-A786-AF56BE395086}
	EndGlobalSection
EndGlobal
